
Microsoft Visual Studio Solution File, Format Version 12.00
# Visual Studio Version 17
VisualStudioVersion = 17.7.34003.232
MinimumVisualStudioVersion = 10.0.40219.1
Project("{FAE04EC0-301F-11D3-BF4B-00C04F79EFBC}") = "The Firm v2", "The Firm v2\The Firm v2.csproj", "{709E83D1-4CCB-435D-B883-2956133B326E}"
EndProject
Global
	GlobalSection(SolutionConfigurationPlatforms) = preSolution
		Debug|Any CPU = Debug|Any CPU
		Release|Any CPU = Release|Any CPU
	EndGlobalSection
	GlobalSection(ProjectConfigurationPlatforms) = postSolution
		{709E83D1-4CCB-435D-B883-2956133B326E}.Debug|Any CPU.ActiveCfg = Debug|Any CPU
		{709E83D1-4CCB-435D-B883-2956133B326E}.Debug|Any CPU.Build.0 = Debug|Any CPU
		{709E83D1-4CCB-435D-B883-2956133B326E}.Release|Any CPU.ActiveCfg = Release|Any CPU
		{709E83D1-4CCB-435D-B883-2956133B326E}.Release|Any CPU.Build.0 = Release|Any CPU
	EndGlobalSection
	GlobalSection(SolutionProperties) = preSolution
		HideSolutionNode = FALSE
	EndGlobalSection
	GlobalSection(ExtensibilityGlobals) = postSolution
		SolutionGuid = {3B10E296-CC35-444A-9221-01A8AD9AC0A2}
	EndGlobalSection
EndGlobal
